# This file is automatically @generated by Cargo.
# It is not intended for manual editing.
version = 4

[[package]]
name = "dma_accessible"
version = "0.1.0"
dependencies = [
 "grounded",
]

[[package]]
name = "grounded"
version = "0.2.0"
source = "registry+https://github.com/rust-lang/crates.io-index"
checksum = "917d82402c7eb9755fdd87d52117701dae9e413a6abb309fac2a13af693b6080"
dependencies = [
 "portable-atomic",
]

[[package]]
name = "portable-atomic"
version = "1.11.1"
source = "registry+https://github.com/rust-lang/crates.io-index"
checksum = "f84267b20a16ea918e43c6a88433c2d54fa145c92a811b5b047ccbe153674483"
